{
  "nodes": {
    "home-manager": {
      "inputs": {
        "nixpkgs": [
          "nixpkgs"
        ]
      },
      "locked": {
        "lastModified": 1767910483,
        "narHash": "sha256-MOU5YdVu4DVwuT5ztXgQpPuRRBjSjUGIdUzOQr9iQOY=",
        "owner": "nix-community",
        "repo": "home-manager",
        "rev": "82fb7dedaad83e5e279127a38ef410bcfac6d77c",
        "type": "github"
      },
      "original": {
        "owner": "nix-community",
        "ref": "release-25.11",
        "repo": "home-manager",
        "type": "github"
      }
    },
    "nixpkgs": {
      "locked": {
        "lastModified": 1767799921,
        "narHash": "sha256-r4GVX+FToWVE2My8VVZH4V0pTIpnu2ZE8/Z4uxGEMBE=",
        "owner": "NixOS",
        "repo": "nixpkgs",
        "rev": "d351d0653aeb7877273920cd3e823994e7579b0b",
        "type": "github"
      },
      "original": {
        "owner": "NixOS",
        "ref": "nixos-25.11",
        "repo": "nixpkgs",
        "type": "github"
      }
    },
    "nixpkgs_2": {
      "locked": {
        "lastModified": 1768085578,
        "narHash": "sha256-BiVo3nMFI3SyqZEs1aHaSwS0hzRmYSFY3XSaIoxPdSY=",
        "owner": "NixOS",
        "repo": "nixpkgs",
        "rev": "e843760f274cd4b6d8c8d8b0efa19d64792130aa",
        "type": "github"
      },
      "original": {
        "owner": "NixOS",
        "repo": "nixpkgs",
        "type": "github"
      }
    },
    "root": {
      "inputs": {
        "home-manager": "home-manager",
        "nixpkgs": "nixpkgs",
        "userData": "userData"
      }
    },
    "userData": {
      "inputs": {
        "nixpkgs": "nixpkgs_2"
      },
      "locked": {
        "dir": "workstation-data",
        "lastModified": 1768085797,
        "narHash": "sha256-TdJt1a9J1VgkpqQOfQNp+DZKhVDqaJevKp2+9YtNcjY=",
        "owner": "DrSkitterbug",
        "repo": "homelab",
        "rev": "c8016e322d7741ac9ecea38409d3bcb8cf0c922b",
        "type": "github"
      },
      "original": {
        "dir": "workstation-data",
        "owner": "DrSkitterbug",
        "repo": "homelab",
        "type": "github"
      }
    }
  },
  "root": "root",
  "version": 7
}
