{
  "nodes": {
    "agenix": {
      "inputs": {
        "darwin": [],
        "home-manager": "home-manager",
        "nixpkgs": [
          "nixpkgs"
        ],
        "systems": "systems"
      },
      "locked": {
        "lastModified": 1762618334,
        "narHash": "sha256-wyT7Pl6tMFbFrs8Lk/TlEs81N6L+VSybPfiIgzU8lbQ=",
        "owner": "ryantm",
        "repo": "agenix",
        "rev": "fcdea223397448d35d9b31f798479227e80183f6",
        "type": "github"
      },
      "original": {
        "owner": "ryantm",
        "repo": "agenix",
        "type": "github"
      }
    },
    "home-manager": {
      "inputs": {
        "nixpkgs": [
          "agenix",
          "nixpkgs"
        ]
      },
      "locked": {
        "lastModified": 1745494811,
        "narHash": "sha256-YZCh2o9Ua1n9uCvrvi5pRxtuVNml8X2a03qIFfRKpFs=",
        "owner": "nix-community",
        "repo": "home-manager",
        "rev": "abfad3d2958c9e6300a883bd443512c55dfeb1be",
        "type": "github"
      },
      "original": {
        "owner": "nix-community",
        "repo": "home-manager",
        "type": "github"
      }
    },
    "home-manager_2": {
      "inputs": {
        "nixpkgs": [
          "nixpkgs"
        ]
      },
      "locked": {
        "lastModified": 1767910483,
        "narHash": "sha256-MOU5YdVu4DVwuT5ztXgQpPuRRBjSjUGIdUzOQr9iQOY=",
        "owner": "nix-community",
        "repo": "home-manager",
        "rev": "82fb7dedaad83e5e279127a38ef410bcfac6d77c",
        "type": "github"
      },
      "original": {
        "owner": "nix-community",
        "ref": "release-25.11",
        "repo": "home-manager",
        "type": "github"
      }
    },
    "nixpkgs": {
      "locked": {
        "lastModified": 1768028080,
        "narHash": "sha256-50aDK+8eLvsLK39TzQhKNq50/HcXyP4hyxOYoPoVxjo=",
        "owner": "NixOS",
        "repo": "nixpkgs",
        "rev": "d03088749a110d52a4739348f39a63f84bb0be14",
        "type": "github"
      },
      "original": {
        "owner": "NixOS",
        "ref": "nixos-25.11",
        "repo": "nixpkgs",
        "type": "github"
      }
    },
    "nixpkgs_2": {
      "locked": {
<<<<<<< HEAD
        "lastModified": 1768299223,
        "narHash": "sha256-Nwif7IyCUZgqM7SVreViIN3cehjEW3JkA1f1xYGmdV8=",
        "owner": "NixOS",
        "repo": "nixpkgs",
        "rev": "d846811f2ad381bd24b750d219512251d24e46c4",
=======
        "lastModified": 1768300036,
        "narHash": "sha256-+pzwdzEIpUowdCJxU9+7NUVWnj9aGI8uaBN0+wTkzAk=",
        "owner": "NixOS",
        "repo": "nixpkgs",
        "rev": "8e3fa0410642a5a341d9d810ffa80dfa4feae87c",
>>>>>>> fe1e942 (chore(ws): Fix rebuild script reference hyprpaper)
        "type": "github"
      },
      "original": {
        "owner": "NixOS",
        "repo": "nixpkgs",
        "type": "github"
      }
    },
    "root": {
      "inputs": {
        "agenix": "agenix",
        "home-manager": "home-manager_2",
        "nixpkgs": "nixpkgs",
        "userData": "userData"
      }
    },
    "systems": {
      "locked": {
        "lastModified": 1681028828,
        "narHash": "sha256-Vy1rq5AaRuLzOxct8nz4T6wlgyUR7zLU309k9mBC768=",
        "owner": "nix-systems",
        "repo": "default",
        "rev": "da67096a3b9bf56a91d16901293e51ba5b49a27e",
        "type": "github"
      },
      "original": {
        "owner": "nix-systems",
        "repo": "default",
        "type": "github"
      }
    },
    "userData": {
      "inputs": {
        "nixpkgs": "nixpkgs_2"
      },
      "locked": {
        "dir": "workstation-data",
<<<<<<< HEAD
        "lastModified": 1768299991,
        "narHash": "sha256-uoXAxVZ/z7iiZEO2Ajbj8gPo0zlVnLApD0xb00EXnso=",
        "owner": "DrSkitterbug",
        "repo": "homelab",
        "rev": "c4737b4722cb72cc482bb1c2a06ed33cdfcad461",
=======
        "lastModified": 1768300254,
        "narHash": "sha256-orGnbBaf2Rh904yjeFQwINKhMIxWOsHE1UmdLuSa6b0=",
        "owner": "DrSkitterbug",
        "repo": "homelab",
        "rev": "830a37507e3b02e1d68d310c3e0a36fd7d48648d",
>>>>>>> fe1e942 (chore(ws): Fix rebuild script reference hyprpaper)
        "type": "github"
      },
      "original": {
        "dir": "workstation-data",
        "owner": "DrSkitterbug",
<<<<<<< HEAD
        "ref": "feat-system-cleanup",
=======
>>>>>>> fe1e942 (chore(ws): Fix rebuild script reference hyprpaper)
        "repo": "homelab",
        "type": "github"
      }
    }
  },
  "root": "root",
  "version": 7
}
